
Microsoft Visual Studio Solution File, Format Version 12.00
# Visual Studio 15
VisualStudioVersion = 15.0.28307.1022
MinimumVisualStudioVersion = 10.0.40219.1
Project("{FAE04EC0-301F-11D3-BF4B-00C04F79EFBC}") = "Zadatak_1", "Zadatak_1\Zadatak_1.csproj", "{8724B406-0D75-492C-A936-90C0CBFDFECD}"
EndProject
Global
	GlobalSection(SolutionConfigurationPlatforms) = preSolution
		Debug|Any CPU = Debug|Any CPU
		Release|Any CPU = Release|Any CPU
	EndGlobalSection
	GlobalSection(ProjectConfigurationPlatforms) = postSolution
		{8724B406-0D75-492C-A936-90C0CBFDFECD}.Debug|Any CPU.ActiveCfg = Debug|Any CPU
		{8724B406-0D75-492C-A936-90C0CBFDFECD}.Debug|Any CPU.Build.0 = Debug|Any CPU
		{8724B406-0D75-492C-A936-90C0CBFDFECD}.Release|Any CPU.ActiveCfg = Release|Any CPU
		{8724B406-0D75-492C-A936-90C0CBFDFECD}.Release|Any CPU.Build.0 = Release|Any CPU
	EndGlobalSection
	GlobalSection(SolutionProperties) = preSolution
		HideSolutionNode = FALSE
	EndGlobalSection
	GlobalSection(ExtensibilityGlobals) = postSolution
		SolutionGuid = {094A7C42-1939-473E-8DD0-04DE3C98D617}
	EndGlobalSection
EndGlobal
